
Microsoft Visual Studio Solution File, Format Version 12.00
# Visual Studio 15
Project("{FAE04EC0-301F-11D3-BF4B-00C04F79EFBC}") = "RpgRoyale", "Assembly-CSharp.csproj", "{27A9DE53-FE8F-8B89-EC20-4B1E515E0ADC}"
EndProject
Project("{FAE04EC0-301F-11D3-BF4B-00C04F79EFBC}") = "RpgRoyale", "Assembly-CSharp-firstpass.csproj", "{C450D05F-9097-A27A-946B-FEB0AF4FD6C8}"
EndProject
Project("{FAE04EC0-301F-11D3-BF4B-00C04F79EFBC}") = "RpgRoyale", "Assembly-CSharp-Editor.csproj", "{5727DCC9-DC9B-8E7D-7AA0-83CE26DC1E50}"
EndProject
Global
	GlobalSection(SolutionConfigurationPlatforms) = preSolution
		Debug|Any CPU = Debug|Any CPU
		Release|Any CPU = Release|Any CPU
	EndGlobalSection
	GlobalSection(ProjectConfigurationPlatforms) = postSolution
		{27A9DE53-FE8F-8B89-EC20-4B1E515E0ADC}.Debug|Any CPU.ActiveCfg = Debug|Any CPU
		{27A9DE53-FE8F-8B89-EC20-4B1E515E0ADC}.Debug|Any CPU.Build.0 = Debug|Any CPU
		{27A9DE53-FE8F-8B89-EC20-4B1E515E0ADC}.Release|Any CPU.ActiveCfg = Release|Any CPU
		{27A9DE53-FE8F-8B89-EC20-4B1E515E0ADC}.Release|Any CPU.Build.0 = Release|Any CPU
		{C450D05F-9097-A27A-946B-FEB0AF4FD6C8}.Debug|Any CPU.ActiveCfg = Debug|Any CPU
		{C450D05F-9097-A27A-946B-FEB0AF4FD6C8}.Debug|Any CPU.Build.0 = Debug|Any CPU
		{C450D05F-9097-A27A-946B-FEB0AF4FD6C8}.Release|Any CPU.ActiveCfg = Release|Any CPU
		{C450D05F-9097-A27A-946B-FEB0AF4FD6C8}.Release|Any CPU.Build.0 = Release|Any CPU
		{5727DCC9-DC9B-8E7D-7AA0-83CE26DC1E50}.Debug|Any CPU.ActiveCfg = Debug|Any CPU
		{5727DCC9-DC9B-8E7D-7AA0-83CE26DC1E50}.Debug|Any CPU.Build.0 = Debug|Any CPU
		{5727DCC9-DC9B-8E7D-7AA0-83CE26DC1E50}.Release|Any CPU.ActiveCfg = Release|Any CPU
		{5727DCC9-DC9B-8E7D-7AA0-83CE26DC1E50}.Release|Any CPU.Build.0 = Release|Any CPU
	EndGlobalSection
	GlobalSection(SolutionProperties) = preSolution
		HideSolutionNode = FALSE
	EndGlobalSection
EndGlobal
